// !$*UTF8*$!
{
	archiveVersion = 1;
	classes = {
	};
	objectVersion = 50;
	objects = {

/* Begin PBXBuildFile section */
		2066B8FB3A0774E2027D538C /* Pods_ProtocolPresent.framework in Frameworks */ = {isa = PBXBuildFile; fileRef = A9B90B257EF335C59A76F892 /* Pods_ProtocolPresent.framework */; };
		89C4BCC020BEF66D00BD2F7F /* ProtocolPresent.h in Headers */ = {isa = PBXBuildFile; fileRef = 89C4BCBE20BEF66D00BD2F7F /* ProtocolPresent.h */; settings = {ATTRIBUTES = (Public, ); }; };
		89E4461520BF083B0042C04C /* UIKit.framework in Frameworks */ = {isa = PBXBuildFile; fileRef = 89E4461420BF083B0042C04C /* UIKit.framework */; };
/* End PBXBuildFile section */

/* Begin PBXFileReference section */
		0095B4705F09105725961C32 /* Pods-ProtocolPresent.debug.xcconfig */ = {isa = PBXFileReference; includeInIndex = 1; lastKnownFileType = text.xcconfig; name = "Pods-ProtocolPresent.debug.xcconfig"; path = "Pods/Target Support Files/Pods-ProtocolPresent/Pods-ProtocolPresent.debug.xcconfig"; sourceTree = "<group>"; };
		236A3467C710AF8C8FE3D52D /* Pods-ProtocolPresent.release.xcconfig */ = {isa = PBXFileReference; includeInIndex = 1; lastKnownFileType = text.xcconfig; name = "Pods-ProtocolPresent.release.xcconfig"; path = "Pods/Target Support Files/Pods-ProtocolPresent/Pods-ProtocolPresent.release.xcconfig"; sourceTree = "<group>"; };
		89C4BCBB20BEF66D00BD2F7F /* ProtocolPresent.framework */ = {isa = PBXFileReference; explicitFileType = wrapper.framework; includeInIndex = 0; path = ProtocolPresent.framework; sourceTree = BUILT_PRODUCTS_DIR; };
		89C4BCBE20BEF66D00BD2F7F /* ProtocolPresent.h */ = {isa = PBXFileReference; lastKnownFileType = sourcecode.c.h; path = ProtocolPresent.h; sourceTree = "<group>"; };
		89C4BCBF20BEF66D00BD2F7F /* Info.plist */ = {isa = PBXFileReference; lastKnownFileType = text.plist.xml; path = Info.plist; sourceTree = "<group>"; };
		89C4BCC420BEF73300BD2F7F /* MyPlayground.playground */ = {isa = PBXFileReference; lastKnownFileType = file.playground; path = MyPlayground.playground; sourceTree = SOURCE_ROOT; xcLanguageSpecificationIdentifier = xcode.lang.swift; };
		89E4461420BF083B0042C04C /* UIKit.framework */ = {isa = PBXFileReference; lastKnownFileType = wrapper.framework; name = UIKit.framework; path = Platforms/iPhoneOS.platform/Developer/SDKs/iPhoneOS11.4.sdk/System/Library/Frameworks/UIKit.framework; sourceTree = DEVELOPER_DIR; };
		A9B90B257EF335C59A76F892 /* Pods_ProtocolPresent.framework */ = {isa = PBXFileReference; explicitFileType = wrapper.framework; includeInIndex = 0; path = Pods_ProtocolPresent.framework; sourceTree = BUILT_PRODUCTS_DIR; };
/* End PBXFileReference section */

/* Begin PBXFrameworksBuildPhase section */
		89C4BCB720BEF66D00BD2F7F /* Frameworks */ = {
			isa = PBXFrameworksBuildPhase;
			buildActionMask = 2147483647;
			files = (
				89E4461520BF083B0042C04C /* UIKit.framework in Frameworks */,
				2066B8FB3A0774E2027D538C /* Pods_ProtocolPresent.framework in Frameworks */,
			);
			runOnlyForDeploymentPostprocessing = 0;
		};
/* End PBXFrameworksBuildPhase section */

/* Begin PBXGroup section */
		0ABE1CB87DACF68476DA843E /* Pods */ = {
			isa = PBXGroup;
			children = (
				0095B4705F09105725961C32 /* Pods-ProtocolPresent.debug.xcconfig */,
				236A3467C710AF8C8FE3D52D /* Pods-ProtocolPresent.release.xcconfig */,
			);
			name = Pods;
			sourceTree = "<group>";
		};
		46B23C4082B8E756DCA932A4 /* Frameworks */ = {
			isa = PBXGroup;
			children = (
				89E4461420BF083B0042C04C /* UIKit.framework */,
				A9B90B257EF335C59A76F892 /* Pods_ProtocolPresent.framework */,
			);
			name = Frameworks;
			sourceTree = "<group>";
		};
		89C4BCAF20BEF61200BD2F7F = {
			isa = PBXGroup;
			children = (
				89C4BCBD20BEF66D00BD2F7F /* ProtocolPresent */,
				89C4BCBC20BEF66D00BD2F7F /* Products */,
				0ABE1CB87DACF68476DA843E /* Pods */,
				46B23C4082B8E756DCA932A4 /* Frameworks */,
			);
			sourceTree = "<group>";
		};
		89C4BCBC20BEF66D00BD2F7F /* Products */ = {
			isa = PBXGroup;
			children = (
				89C4BCBB20BEF66D00BD2F7F /* ProtocolPresent.framework */,
			);
			name = Products;
			sourceTree = "<group>";
		};
		89C4BCBD20BEF66D00BD2F7F /* ProtocolPresent */ = {
			isa = PBXGroup;
			children = (
				89C4BCC420BEF73300BD2F7F /* MyPlayground.playground */,
				89C4BCBE20BEF66D00BD2F7F /* ProtocolPresent.h */,
				89C4BCBF20BEF66D00BD2F7F /* Info.plist */,
			);
			path = ProtocolPresent;
			sourceTree = "<group>";
		};
/* End PBXGroup section */

/* Begin PBXHeadersBuildPhase section */
		89C4BCB820BEF66D00BD2F7F /* Headers */ = {
			isa = PBXHeadersBuildPhase;
			buildActionMask = 2147483647;
			files = (
				89C4BCC020BEF66D00BD2F7F /* ProtocolPresent.h in Headers */,
			);
			runOnlyForDeploymentPostprocessing = 0;
		};
/* End PBXHeadersBuildPhase section */

/* Begin PBXNativeTarget section */
		89C4BCBA20BEF66D00BD2F7F /* ProtocolPresent */ = {
			isa = PBXNativeTarget;
			buildConfigurationList = 89C4BCC320BEF66D00BD2F7F /* Build configuration list for PBXNativeTarget "ProtocolPresent" */;
			buildPhases = (
				18F90A8B79C6233B58EA3DBC /* [CP] Check Pods Manifest.lock */,
				89C4BCB620BEF66D00BD2F7F /* Sources */,
				89C4BCB720BEF66D00BD2F7F /* Frameworks */,
				89C4BCB820BEF66D00BD2F7F /* Headers */,
				89C4BCB920BEF66D00BD2F7F /* Resources */,
			);
			buildRules = (
			);
			dependencies = (
			);
			name = ProtocolPresent;
			productName = ProtocolPresent;
			productReference = 89C4BCBB20BEF66D00BD2F7F /* ProtocolPresent.framework */;
			productType = "com.apple.product-type.framework";
		};
/* End PBXNativeTarget section */

/* Begin PBXProject section */
		89C4BCB020BEF61200BD2F7F /* Project object */ = {
			isa = PBXProject;
			attributes = {
				LastUpgradeCheck = 0940;
				TargetAttributes = {
					89C4BCBA20BEF66D00BD2F7F = {
						CreatedOnToolsVersion = 9.4;
					};
				};
			};
			buildConfigurationList = 89C4BCB320BEF61200BD2F7F /* Build configuration list for PBXProject "ProtocolPresent" */;
			compatibilityVersion = "Xcode 9.3";
			developmentRegion = en;
			hasScannedForEncodings = 0;
			knownRegions = (
				en,
			);
			mainGroup = 89C4BCAF20BEF61200BD2F7F;
			productRefGroup = 89C4BCBC20BEF66D00BD2F7F /* Products */;
			projectDirPath = "";
			projectRoot = "";
			targets = (
				89C4BCBA20BEF66D00BD2F7F /* ProtocolPresent */,
			);
		};
/* End PBXProject section */

/* Begin PBXResourcesBuildPhase section */
		89C4BCB920BEF66D00BD2F7F /* Resources */ = {
			isa = PBXResourcesBuildPhase;
			buildActionMask = 2147483647;
			files = (
			);
			runOnlyForDeploymentPostprocessing = 0;
		};
/* End PBXResourcesBuildPhase section */

/* Begin PBXShellScriptBuildPhase section */
		18F90A8B79C6233B58EA3DBC /* [CP] Check Pods Manifest.lock */ = {
			isa = PBXShellScriptBuildPhase;
			buildActionMask = 2147483647;
			files = (
			);
			inputPaths = (
				"${PODS_PODFILE_DIR_PATH}/Podfile.lock",
				"${PODS_ROOT}/Manifest.lock",
			);
			name = "[CP] Check Pods Manifest.lock";
			outputPaths = (
				"$(DERIVED_FILE_DIR)/Pods-ProtocolPresent-checkManifestLockResult.txt",
			);
			runOnlyForDeploymentPostprocessing = 0;
			shellPath = /bin/sh;
			shellScript = "diff \"${PODS_PODFILE_DIR_PATH}/Podfile.lock\" \"${PODS_ROOT}/Manifest.lock\" > /dev/null\nif [ $? != 0 ] ; then\n    # print error to STDERR\n    echo \"error: The sandbox is not in sync with the Podfile.lock. Run 'pod install' or update your CocoaPods installation.\" >&2\n    exit 1\nfi\n# This output is used by Xcode 'outputs' to avoid re-running this script phase.\necho \"SUCCESS\" > \"${SCRIPT_OUTPUT_FILE_0}\"\n";
			showEnvVarsInLog = 0;
		};
/* End PBXShellScriptBuildPhase section */

/* Begin PBXSourcesBuildPhase section */
		89C4BCB620BEF66D00BD2F7F /* Sources */ = {
			isa = PBXSourcesBuildPhase;
			buildActionMask = 2147483647;
			files = (
			);
			runOnlyForDeploymentPostprocessing = 0;
		};
/* End PBXSourcesBuildPhase section */

/* Begin XCBuildConfiguration section */
		89C4BCB420BEF61200BD2F7F /* Debug */ = {
			isa = XCBuildConfiguration;
			buildSettings = {
			};
			name = Debug;
		};
		89C4BCB520BEF61200BD2F7F /* Release */ = {
			isa = XCBuildConfiguration;
			buildSettings = {
			};
			name = Release;
		};
		89C4BCC120BEF66D00BD2F7F /* Debug */ = {
			isa = XCBuildConfiguration;
			baseConfigurationReference = 0095B4705F09105725961C32 /* Pods-ProtocolPresent.debug.xcconfig */;
			buildSettings = {
				ALWAYS_SEARCH_USER_PATHS = NO;
				CLANG_ANALYZER_NONNULL = YES;
				CLANG_ANALYZER_NUMBER_OBJECT_CONVERSION = YES_AGGRESSIVE;
				CLANG_CXX_LANGUAGE_STANDARD = "gnu++14";
				CLANG_CXX_LIBRARY = "libc++";
				CLANG_ENABLE_MODULES = YES;
				CLANG_ENABLE_OBJC_ARC = YES;
				CLANG_ENABLE_OBJC_WEAK = YES;
				CLANG_WARN_BLOCK_CAPTURE_AUTORELEASING = YES;
				CLANG_WARN_BOOL_CONVERSION = YES;
				CLANG_WARN_COMMA = YES;
				CLANG_WARN_CONSTANT_CONVERSION = YES;
				CLANG_WARN_DEPRECATED_OBJC_IMPLEMENTATIONS = YES;
				CLANG_WARN_DIRECT_OBJC_ISA_USAGE = YES_ERROR;
				CLANG_WARN_DOCUMENTATION_COMMENTS = YES;
				CLANG_WARN_EMPTY_BODY = YES;
				CLANG_WARN_ENUM_CONVERSION = YES;
				CLANG_WARN_INFINITE_RECURSION = YES;
				CLANG_WARN_INT_CONVERSION = YES;
				CLANG_WARN_NON_LITERAL_NULL_CONVERSION = YES;
				CLANG_WARN_OBJC_IMPLICIT_RETAIN_SELF = YES;
				CLANG_WARN_OBJC_LITERAL_CONVERSION = YES;
				CLANG_WARN_OBJC_ROOT_CLASS = YES_ERROR;
				CLANG_WARN_RANGE_LOOP_ANALYSIS = YES;
				CLANG_WARN_STRICT_PROTOTYPES = YES;
				CLANG_WARN_SUSPICIOUS_MOVE = YES;
				CLANG_WARN_UNGUARDED_AVAILABILITY = YES_AGGRESSIVE;
				CLANG_WARN_UNREACHABLE_CODE = YES;
				CLANG_WARN__DUPLICATE_METHOD_MATCH = YES;
				CODE_SIGN_IDENTITY = "iPhone Developer";
				CODE_SIGN_STYLE = Automatic;
				COPY_PHASE_STRIP = NO;
				CURRENT_PROJECT_VERSION = 1;
				DEBUG_INFORMATION_FORMAT = dwarf;
				DEFINES_MODULE = YES;
				DYLIB_COMPATIBILITY_VERSION = 1;
				DYLIB_CURRENT_VERSION = 1;
				DYLIB_INSTALL_NAME_BASE = "@rpath";
				ENABLE_STRICT_OBJC_MSGSEND = YES;
				ENABLE_TESTABILITY = YES;
				GCC_C_LANGUAGE_STANDARD = gnu11;
				GCC_DYNAMIC_NO_PIC = NO;
				GCC_NO_COMMON_BLOCKS = YES;
				GCC_OPTIMIZATION_LEVEL = 0;
				GCC_PREPROCESSOR_DEFINITIONS = (
					"DEBUG=1",
					"$(inherited)",
				);
				GCC_WARN_64_TO_32_BIT_CONVERSION = YES;
				GCC_WARN_ABOUT_RETURN_TYPE = YES_ERROR;
				GCC_WARN_UNDECLARED_SELECTOR = YES;
				GCC_WARN_UNINITIALIZED_AUTOS = YES_AGGRESSIVE;
				GCC_WARN_UNUSED_FUNCTION = YES;
				GCC_WARN_UNUSED_VARIABLE = YES;
				INFOPLIST_FILE = ProtocolPresent/Info.plist;
				INSTALL_PATH = "$(LOCAL_LIBRARY_DIR)/Frameworks";
				IPHONEOS_DEPLOYMENT_TARGET = 11.4;
				LD_RUNPATH_SEARCH_PATHS = (
					"$(inherited)",
					"@executable_path/Frameworks",
					"@loader_path/Frameworks",
				);
				MTL_ENABLE_DEBUG_INFO = YES;
				ONLY_ACTIVE_ARCH = YES;
				PRODUCT_BUNDLE_IDENTIFIER = yinyinchiu.ProtocolPresent;
				PRODUCT_NAME = "$(TARGET_NAME:c99extidentifier)";
				SDKROOT = iphoneos;
				SKIP_INSTALL = YES;
				SWIFT_ACTIVE_COMPILATION_CONDITIONS = DEBUG;
				SWIFT_OPTIMIZATION_LEVEL = "-Onone";
				SWIFT_VERSION = 4.0;
				TARGETED_DEVICE_FAMILY = "1,2";
				VERSIONING_SYSTEM = "apple-generic";
				VERSION_INFO_PREFIX = "";
			};
			name = Debug;
		};
		89C4BCC220BEF66D00BD2F7F /* Release */ = {
			isa = XCBuildConfiguration;
			baseConfigurationReference = 236A3467C710AF8C8FE3D52D /* Pods-ProtocolPresent.release.xcconfig */;
			buildSettings = {
				ALWAYS_SEARCH_USER_PATHS = NO;
				CLANG_ANALYZER_NONNULL = YES;
				CLANG_ANALYZER_NUMBER_OBJECT_CONVERSION = YES_AGGRESSIVE;
				CLANG_CXX_LANGUAGE_STANDARD = "gnu++14";
				CLANG_CXX_LIBRARY = "libc++";
				CLANG_ENABLE_MODULES = YES;
				CLANG_ENABLE_OBJC_ARC = YES;
				CLANG_ENABLE_OBJC_WEAK = YES;
				CLANG_WARN_BLOCK_CAPTURE_AUTORELEASING = YES;
				CLANG_WARN_BOOL_CONVERSION = YES;
				CLANG_WARN_COMMA = YES;
				CLANG_WARN_CONSTANT_CONVERSION = YES;
				CLANG_WARN_DEPRECATED_OBJC_IMPLEMENTATIONS = YES;
				CLANG_WARN_DIRECT_OBJC_ISA_USAGE = YES_ERROR;
				CLANG_WARN_DOCUMENTATION_COMMENTS = YES;
				CLANG_WARN_EMPTY_BODY = YES;
				CLANG_WARN_ENUM_CONVERSION = YES;
				CLANG_WARN_INFINITE_RECURSION = YES;
				CLANG_WARN_INT_CONVERSION = YES;
				CLANG_WARN_NON_LITERAL_NULL_CONVERSION = YES;
				CLANG_WARN_OBJC_IMPLICIT_RETAIN_SELF = YES;
				CLANG_WARN_OBJC_LITERAL_CONVERSION = YES;
				CLANG_WARN_OBJC_ROOT_CLASS = YES_ERROR;
				CLANG_WARN_RANGE_LOOP_ANALYSIS = YES;
				CLANG_WARN_STRICT_PROTOTYPES = YES;
				CLANG_WARN_SUSPICIOUS_MOVE = YES;
				CLANG_WARN_UNGUARDED_AVAILABILITY = YES_AGGRESSIVE;
				CLANG_WARN_UNREACHABLE_CODE = YES;
				CLANG_WARN__DUPLICATE_METHOD_MATCH = YES;
				CODE_SIGN_IDENTITY = "iPhone Developer";
				CODE_SIGN_STYLE = Automatic;
				COPY_PHASE_STRIP = NO;
				CURRENT_PROJECT_VERSION = 1;
				DEBUG_INFORMATION_FORMAT = "dwarf-with-dsym";
				DEFINES_MODULE = YES;
				DYLIB_COMPATIBILITY_VERSION = 1;
				DYLIB_CURRENT_VERSION = 1;
				DYLIB_INSTALL_NAME_BASE = "@rpath";
				ENABLE_NS_ASSERTIONS = NO;
				ENABLE_STRICT_OBJC_MSGSEND = YES;
				GCC_C_LANGUAGE_STANDARD = gnu11;
				GCC_NO_COMMON_BLOCKS = YES;
				GCC_WARN_64_TO_32_BIT_CONVERSION = YES;
				GCC_WARN_ABOUT_RETURN_TYPE = YES_ERROR;
				GCC_WARN_UNDECLARED_SELECTOR = YES;
				GCC_WARN_UNINITIALIZED_AUTOS = YES_AGGRESSIVE;
				GCC_WARN_UNUSED_FUNCTION = YES;
				GCC_WARN_UNUSED_VARIABLE = YES;
				INFOPLIST_FILE = ProtocolPresent/Info.plist;
				INSTALL_PATH = "$(LOCAL_LIBRARY_DIR)/Frameworks";
				IPHONEOS_DEPLOYMENT_TARGET = 11.4;
				LD_RUNPATH_SEARCH_PATHS = (
					"$(inherited)",
					"@executable_path/Frameworks",
					"@loader_path/Frameworks",
				);
				MTL_ENABLE_DEBUG_INFO = NO;
				PRODUCT_BUNDLE_IDENTIFIER = yinyinchiu.ProtocolPresent;
				PRODUCT_NAME = "$(TARGET_NAME:c99extidentifier)";
				SDKROOT = iphoneos;
				SKIP_INSTALL = YES;
				SWIFT_COMPILATION_MODE = wholemodule;
				SWIFT_OPTIMIZATION_LEVEL = "-O";
				SWIFT_VERSION = 4.0;
				TARGETED_DEVICE_FAMILY = "1,2";
				VALIDATE_PRODUCT = YES;
				VERSIONING_SYSTEM = "apple-generic";
				VERSION_INFO_PREFIX = "";
			};
			name = Release;
		};
/* End XCBuildConfiguration section */

/* Begin XCConfigurationList section */
		89C4BCB320BEF61200BD2F7F /* Build configuration list for PBXProject "ProtocolPresent" */ = {
			isa = XCConfigurationList;
			buildConfigurations = (
				89C4BCB420BEF61200BD2F7F /* Debug */,
				89C4BCB520BEF61200BD2F7F /* Release */,
			);
			defaultConfigurationIsVisible = 0;
			defaultConfigurationName = Release;
		};
		89C4BCC320BEF66D00BD2F7F /* Build configuration list for PBXNativeTarget "ProtocolPresent" */ = {
			isa = XCConfigurationList;
			buildConfigurations = (
				89C4BCC120BEF66D00BD2F7F /* Debug */,
				89C4BCC220BEF66D00BD2F7F /* Release */,
			);
			defaultConfigurationIsVisible = 0;
			defaultConfigurationName = Release;
		};
/* End XCConfigurationList section */
	};
	rootObject = 89C4BCB020BEF61200BD2F7F /* Project object */;
}
